
Microsoft Visual Studio Solution File, Format Version 12.00
# Visual Studio Version 17
VisualStudioVersion = 17.10.34707.107
MinimumVisualStudioVersion = 10.0.40219.1
Project("{FAE04EC0-301F-11D3-BF4B-00C04F79EFBC}") = "RoseWeb", "RoseWeb\RoseWeb.csproj", "{362E81D9-2FD0-4A03-B410-0918EE8A5D7E}"
EndProject
Global
	GlobalSection(SolutionConfigurationPlatforms) = preSolution
		Debug|Any CPU = Debug|Any CPU
		Release|Any CPU = Release|Any CPU
	EndGlobalSection
	GlobalSection(ProjectConfigurationPlatforms) = postSolution
		{362E81D9-2FD0-4A03-B410-0918EE8A5D7E}.Debug|Any CPU.ActiveCfg = Debug|Any CPU
		{362E81D9-2FD0-4A03-B410-0918EE8A5D7E}.Debug|Any CPU.Build.0 = Debug|Any CPU
		{362E81D9-2FD0-4A03-B410-0918EE8A5D7E}.Release|Any CPU.ActiveCfg = Release|Any CPU
		{362E81D9-2FD0-4A03-B410-0918EE8A5D7E}.Release|Any CPU.Build.0 = Release|Any CPU
	EndGlobalSection
	GlobalSection(SolutionProperties) = preSolution
		HideSolutionNode = FALSE
	EndGlobalSection
	GlobalSection(ExtensibilityGlobals) = postSolution
		SolutionGuid = {CD8E7B00-9E6D-4378-A90F-524063C08612}
	EndGlobalSection
EndGlobal
